
Microsoft Visual Studio Solution File, Format Version 12.00
# Visual Studio Version 16
VisualStudioVersion = 16.0.29920.165
MinimumVisualStudioVersion = 10.0.40219.1
Project("{FAE04EC0-301F-11D3-BF4B-00C04F79EFBC}") = "FormeleMethode", "FormeleMethode\FormeleMethode.csproj", "{67EE10F9-10CD-4D04-A246-A33FB1E5F0BC}"
EndProject
Global
	GlobalSection(SolutionConfigurationPlatforms) = preSolution
		Debug|Any CPU = Debug|Any CPU
		Release|Any CPU = Release|Any CPU
	EndGlobalSection
	GlobalSection(ProjectConfigurationPlatforms) = postSolution
		{67EE10F9-10CD-4D04-A246-A33FB1E5F0BC}.Debug|Any CPU.ActiveCfg = Debug|Any CPU
		{67EE10F9-10CD-4D04-A246-A33FB1E5F0BC}.Debug|Any CPU.Build.0 = Debug|Any CPU
		{67EE10F9-10CD-4D04-A246-A33FB1E5F0BC}.Release|Any CPU.ActiveCfg = Release|Any CPU
		{67EE10F9-10CD-4D04-A246-A33FB1E5F0BC}.Release|Any CPU.Build.0 = Release|Any CPU
	EndGlobalSection
	GlobalSection(SolutionProperties) = preSolution
		HideSolutionNode = FALSE
	EndGlobalSection
	GlobalSection(ExtensibilityGlobals) = postSolution
		SolutionGuid = {E2139F01-9405-460C-8690-811B526D5AE1}
	EndGlobalSection
EndGlobal
